
Microsoft Visual Studio Solution File, Format Version 12.00
# Visual Studio Version 17
VisualStudioVersion = 17.5.33209.295
MinimumVisualStudioVersion = 10.0.40219.1
Project("{9A19103F-16F7-4668-BE54-9A1E7A4F7556}") = "JiaHan.Tools", "JiaHan.Tools.csproj", "{3AC9AF7F-1D43-4A29-A224-73713654F778}"
EndProject
Project("{9A19103F-16F7-4668-BE54-9A1E7A4F7556}") = "JiaHan.Windows", "..\JiaHan.Windows\JiaHan.Windows.csproj", "{0EDE1313-05FA-4B20-BD49-66928D9FF6AD}"
EndProject
Project("{9A19103F-16F7-4668-BE54-9A1E7A4F7556}") = "Console", "..\Console\Console.csproj", "{84D6ADAB-507C-40C5-98A6-90B31D7D23CF}"
EndProject
Global
	GlobalSection(SolutionConfigurationPlatforms) = preSolution
		Debug|Any CPU = Debug|Any CPU
		Release|Any CPU = Release|Any CPU
	EndGlobalSection
	GlobalSection(ProjectConfigurationPlatforms) = postSolution
		{3AC9AF7F-1D43-4A29-A224-73713654F778}.Debug|Any CPU.ActiveCfg = Debug|Any CPU
		{3AC9AF7F-1D43-4A29-A224-73713654F778}.Debug|Any CPU.Build.0 = Debug|Any CPU
		{3AC9AF7F-1D43-4A29-A224-73713654F778}.Release|Any CPU.ActiveCfg = Release|Any CPU
		{3AC9AF7F-1D43-4A29-A224-73713654F778}.Release|Any CPU.Build.0 = Release|Any CPU
		{0EDE1313-05FA-4B20-BD49-66928D9FF6AD}.Debug|Any CPU.ActiveCfg = Debug|Any CPU
		{0EDE1313-05FA-4B20-BD49-66928D9FF6AD}.Debug|Any CPU.Build.0 = Debug|Any CPU
		{0EDE1313-05FA-4B20-BD49-66928D9FF6AD}.Release|Any CPU.ActiveCfg = Release|Any CPU
		{0EDE1313-05FA-4B20-BD49-66928D9FF6AD}.Release|Any CPU.Build.0 = Release|Any CPU
		{84D6ADAB-507C-40C5-98A6-90B31D7D23CF}.Debug|Any CPU.ActiveCfg = Debug|Any CPU
		{84D6ADAB-507C-40C5-98A6-90B31D7D23CF}.Debug|Any CPU.Build.0 = Debug|Any CPU
		{84D6ADAB-507C-40C5-98A6-90B31D7D23CF}.Release|Any CPU.ActiveCfg = Release|Any CPU
		{84D6ADAB-507C-40C5-98A6-90B31D7D23CF}.Release|Any CPU.Build.0 = Release|Any CPU
	EndGlobalSection
	GlobalSection(SolutionProperties) = preSolution
		HideSolutionNode = FALSE
	EndGlobalSection
	GlobalSection(ExtensibilityGlobals) = postSolution
		SolutionGuid = {2B006E09-6B95-479B-9B49-609DF13F86B2}
	EndGlobalSection
EndGlobal
